
Microsoft Visual Studio Solution File, Format Version 12.00
# Visual Studio 15
VisualStudioVersion = 15.0.28010.2048
MinimumVisualStudioVersion = 10.0.40219.1
Project("{FAE04EC0-301F-11D3-BF4B-00C04F79EFBC}") = "CodeAssignment.Provider", "CodeAssignment.Provider\CodeAssignment.Provider.csproj", "{47002B4B-184B-4B7C-BA3B-EF1299C66516}"
EndProject
Project("{FAE04EC0-301F-11D3-BF4B-00C04F79EFBC}") = "CodeAssignment.Service", "CodeAssignment.Service\CodeAssignment.Service.csproj", "{384E4EEC-02EE-4F3A-A17A-DB678F9D276B}"
EndProject
Project("{FAE04EC0-301F-11D3-BF4B-00C04F79EFBC}") = "CodeAssgnment.Shared", "CodeAssgnment.Shared\CodeAssgnment.Shared.csproj", "{E3C5B19B-12D0-421C-9921-0F9E084E6C6A}"
EndProject
Project("{FAE04EC0-301F-11D3-BF4B-00C04F79EFBC}") = "CodeAssignment.Web", "CodeAssignment.Web\CodeAssignment.Web.csproj", "{7F8BC458-9B1B-4A1A-8585-58C440CD3A66}"
EndProject
Project("{FAE04EC0-301F-11D3-BF4B-00C04F79EFBC}") = "CodeAssignment.Api", "CodeAssignment.Api\CodeAssignment.Api.csproj", "{B82E6224-CF79-47B3-92BA-4F096BD2950A}"
EndProject
Global
	GlobalSection(SolutionConfigurationPlatforms) = preSolution
		Debug|Any CPU = Debug|Any CPU
		Release|Any CPU = Release|Any CPU
	EndGlobalSection
	GlobalSection(ProjectConfigurationPlatforms) = postSolution
		{47002B4B-184B-4B7C-BA3B-EF1299C66516}.Debug|Any CPU.ActiveCfg = Debug|Any CPU
		{47002B4B-184B-4B7C-BA3B-EF1299C66516}.Debug|Any CPU.Build.0 = Debug|Any CPU
		{47002B4B-184B-4B7C-BA3B-EF1299C66516}.Release|Any CPU.ActiveCfg = Release|Any CPU
		{47002B4B-184B-4B7C-BA3B-EF1299C66516}.Release|Any CPU.Build.0 = Release|Any CPU
		{384E4EEC-02EE-4F3A-A17A-DB678F9D276B}.Debug|Any CPU.ActiveCfg = Debug|Any CPU
		{384E4EEC-02EE-4F3A-A17A-DB678F9D276B}.Debug|Any CPU.Build.0 = Debug|Any CPU
		{384E4EEC-02EE-4F3A-A17A-DB678F9D276B}.Release|Any CPU.ActiveCfg = Release|Any CPU
		{384E4EEC-02EE-4F3A-A17A-DB678F9D276B}.Release|Any CPU.Build.0 = Release|Any CPU
		{E3C5B19B-12D0-421C-9921-0F9E084E6C6A}.Debug|Any CPU.ActiveCfg = Debug|Any CPU
		{E3C5B19B-12D0-421C-9921-0F9E084E6C6A}.Debug|Any CPU.Build.0 = Debug|Any CPU
		{E3C5B19B-12D0-421C-9921-0F9E084E6C6A}.Release|Any CPU.ActiveCfg = Release|Any CPU
		{E3C5B19B-12D0-421C-9921-0F9E084E6C6A}.Release|Any CPU.Build.0 = Release|Any CPU
		{7F8BC458-9B1B-4A1A-8585-58C440CD3A66}.Debug|Any CPU.ActiveCfg = Debug|Any CPU
		{7F8BC458-9B1B-4A1A-8585-58C440CD3A66}.Debug|Any CPU.Build.0 = Debug|Any CPU
		{7F8BC458-9B1B-4A1A-8585-58C440CD3A66}.Release|Any CPU.ActiveCfg = Release|Any CPU
		{7F8BC458-9B1B-4A1A-8585-58C440CD3A66}.Release|Any CPU.Build.0 = Release|Any CPU
		{B82E6224-CF79-47B3-92BA-4F096BD2950A}.Debug|Any CPU.ActiveCfg = Debug|Any CPU
		{B82E6224-CF79-47B3-92BA-4F096BD2950A}.Debug|Any CPU.Build.0 = Debug|Any CPU
		{B82E6224-CF79-47B3-92BA-4F096BD2950A}.Release|Any CPU.ActiveCfg = Release|Any CPU
		{B82E6224-CF79-47B3-92BA-4F096BD2950A}.Release|Any CPU.Build.0 = Release|Any CPU
	EndGlobalSection
	GlobalSection(SolutionProperties) = preSolution
		HideSolutionNode = FALSE
	EndGlobalSection
	GlobalSection(ExtensibilityGlobals) = postSolution
		SolutionGuid = {0009A9EF-003E-4E7D-861F-017C7D5A1C86}
	EndGlobalSection
EndGlobal
